github.com/sebastiannesheim/Minyr v0.0.0-20230414122950-5383c31b076f h1:2X0XzY8puiGUMJoUbI3pTNalMTzRlZBqvxZG/mBphKY=
github.com/sebastiannesheim/Minyr v0.0.0-20230414122950-5383c31b076f/go.mod h1:dDQazYm/TiQ50qCwtX9Thhdg1Se2mZHSUw9Joubgn70=
github.com/sebastiannesheim/funtemps v0.0.0-20230223102042-d29f4511b534 h1:zLUJV49cxocAptaF1KzsCxcqcCetDeckLprOufeFDgI=
github.com/sebastiannesheim/funtemps v0.0.0-20230223102042-d29f4511b534/go.mod h1:0DdYM4m/YbG4/nDW3YVosVroeiA0gxrDMlLKJNDv+1w=
github.com/sebastiannesheim/is105sem03 v0.0.0-20230502133718-2edf80543af7 h1:88s2MSOYdn56E+llP4ZQZg3Lp8U1PwmcV9UpPsyigxQ=
github.com/sebastiannesheim/is105sem03 v0.0.0-20230502133718-2edf80543af7/go.mod h1:VkFF+4g9RqyHlOWkNBHQ2WecHGxVhRYrIoTlvPcpg0I=
